
Microsoft Visual Studio Solution File, Format Version 9.00
# Visual Studio 2005
Project("{8BC9CEB8-8B4A-11D0-8D11-00A0C91BC942}") = "WorldOfAnguis", "VS2005\WorldOfAnguis.vcproj", "{17C9A75B-9A8B-4BCA-B57E-D4FC0ABE9939}"
EndProject
Project("{8BC9CEB8-8B4A-11D0-8D11-00A0C91BC942}") = "WoAServer", "VS2005\WoAServer.vcproj", "{C474AF34-B00C-4210-B90C-0FE69366BCC1}"
EndProject
Global
	GlobalSection(SolutionConfigurationPlatforms) = preSolution
		Debug|Win32 = Debug|Win32
		Release|Win32 = Release|Win32
	EndGlobalSection
	GlobalSection(ProjectConfigurationPlatforms) = postSolution
		{17C9A75B-9A8B-4BCA-B57E-D4FC0ABE9939}.Debug|Win32.ActiveCfg = Debug|Win32
		{17C9A75B-9A8B-4BCA-B57E-D4FC0ABE9939}.Debug|Win32.Build.0 = Debug|Win32
		{17C9A75B-9A8B-4BCA-B57E-D4FC0ABE9939}.Release|Win32.ActiveCfg = Release|Win32
		{17C9A75B-9A8B-4BCA-B57E-D4FC0ABE9939}.Release|Win32.Build.0 = Release|Win32
		{C474AF34-B00C-4210-B90C-0FE69366BCC1}.Debug|Win32.ActiveCfg = Debug|Win32
		{C474AF34-B00C-4210-B90C-0FE69366BCC1}.Debug|Win32.Build.0 = Debug|Win32
		{C474AF34-B00C-4210-B90C-0FE69366BCC1}.Release|Win32.ActiveCfg = Release|Win32
		{C474AF34-B00C-4210-B90C-0FE69366BCC1}.Release|Win32.Build.0 = Release|Win32
	EndGlobalSection
	GlobalSection(SolutionProperties) = preSolution
		HideSolutionNode = FALSE
	EndGlobalSection
EndGlobal
